Microsoft Visual Studio Solution File, Format Version 12.00
# Visual Studio Version 17
VisualStudioVersion = 17.5.2.0
MinimumVisualStudioVersion = 10.0.40219.1
Project("{FAE04EC0-301F-11D3-BF4B-00C04F79EFBC}") = "ChatLAN___Socket", "ChatLAN___Socket.csproj", "{02C67ACB-078B-CCCE-E3F8-1371D0E0BFCC}"
EndProject
Global
	GlobalSection(SolutionConfigurationPlatforms) = preSolution
		Debug|Any CPU = Debug|Any CPU
		Release|Any CPU = Release|Any CPU
	EndGlobalSection
	GlobalSection(ProjectConfigurationPlatforms) = postSolution
		{02C67ACB-078B-CCCE-E3F8-1371D0E0BFCC}.Debug|Any CPU.ActiveCfg = Debug|Any CPU
		{02C67ACB-078B-CCCE-E3F8-1371D0E0BFCC}.Debug|Any CPU.Build.0 = Debug|Any CPU
		{02C67ACB-078B-CCCE-E3F8-1371D0E0BFCC}.Release|Any CPU.ActiveCfg = Release|Any CPU
		{02C67ACB-078B-CCCE-E3F8-1371D0E0BFCC}.Release|Any CPU.Build.0 = Release|Any CPU
	EndGlobalSection
	GlobalSection(SolutionProperties) = preSolution
		HideSolutionNode = FALSE
	EndGlobalSection
	GlobalSection(ExtensibilityGlobals) = postSolution
		SolutionGuid = {1F97FB69-0203-455A-8631-4904F24CF681}
	EndGlobalSection
EndGlobal
